# @generated - this file is auto-generated by `mise lock` https://mise.jdx.dev/dev-tools/mise-lock.html

lockfile_version = 3

[[tools.uv]]
version = "0.12.20"
backend = "aqua:astral-sh/uv"
specifiers = ["0.12.20"]

[tools.uv."platforms.linux-arm64"]
checksum = "sha256:8a7aad7bc76a2fae5151566ff3e43eacce0b2a113d5e4de3e4afe3e58fa2441e"
url = "https://github.com/astral-sh/uv/releases/download/0.12.20/uv-aarch64-unknown-linux-gnu.tar.gz"
url_api = "https://api.github.com/repos/astral-sh/uv/releases/assets/596657756"
provenance = "github-attestations"

[tools.uv."platforms.linux-x64"]
checksum = "sha256:6590717592ace991ff83a63fef799e3ad9d33ecc8f96c5d6bdd732496e79337f"
url = "https://github.com/astral-sh/uv/releases/download/0.12.20/uv-x86_64-unknown-linux-gnu.tar.gz"
url_api = "https://api.github.com/repos/astral-sh/uv/releases/assets/596657933"
provenance = "github-attestations"

[tools.uv."platforms.macos-arm64"]
checksum = "sha256:848fdeb602ff1a1baacd4f6c8b7bdc6cf1ad026a6d9cf59475fda17c179743ca"
url = "https://github.com/astral-sh/uv/releases/download/0.12.20/uv-aarch64-apple-darwin.tar.gz"
url_api = "https://api.github.com/repos/astral-sh/uv/releases/assets/596657737"
provenance = "github-attestations"

[tools.uv."platforms.macos-x64"]
checksum = "sha256:ac54283d211fd77cdc152b67606dbaf6406ff4ab03f3af4ae99468fa8e887141"
url = "https://github.com/astral-sh/uv/releases/download/0.12.20/uv-x86_64-apple-darwin.tar.gz"
url_api = "https://api.github.com/repos/astral-sh/uv/releases/assets/596657900"
provenance = "github-attestations"

[tools.uv."platforms.windows-x64"]
checksum = "sha256:95f9bc30fbb3574d276e28ac4a6de932d25153645853d13da8c21eec3bc88d06"
url = "https://github.com/astral-sh/uv/releases/download/0.12.20/uv-x86_64-pc-windows-msvc.zip"
url_api = "https://api.github.com/repos/astral-sh/uv/releases/assets/596657920"
provenance = "github-attestations"
